// !$*UTF8*$!
{
	archiveVersion = 1;
	classes = {
	};
	objectVersion = 51;
	objects = {

/* Begin PBXBuildFile section */
		1E8BE518CF2BF97007381B3A /* Pods_WeatherAppByMarcusTests.framework in Frameworks */ = {isa = PBXBuildFile; fileRef = 338619952CC29E97CBD5C4E2 /* Pods_WeatherAppByMarcusTests.framework */; };
		4F5D6A6425BE035900398341 /* cities.json in Resources */ = {isa = PBXBuildFile; fileRef = 4F5D6A6325BE035900398341 /* cities.json */; };
		4F5D6A6925BE2A8700398341 /* City.swift in Sources */ = {isa = PBXBuildFile; fileRef = 4F5D6A6825BE2A8700398341 /* City.swift */; };
		4F5D6A6E25BE2D2000398341 /* staticCityAPI.swift in Sources */ = {isa = PBXBuildFile; fileRef = 4F5D6A6D25BE2D2000398341 /* staticCityAPI.swift */; };
		4F5D6A7325BE348D00398341 /* CityRow.swift in Sources */ = {isa = PBXBuildFile; fileRef = 4F5D6A7225BE348D00398341 /* CityRow.swift */; };
		4F80E99F25C0AF2D00AB21C4 /* CityList.swift in Sources */ = {isa = PBXBuildFile; fileRef = 4F80E99E25C0AF2D00AB21C4 /* CityList.swift */; };
		4F80E9A425C18D0100AB21C4 /* SingleCityView.swift in Sources */ = {isa = PBXBuildFile; fileRef = 4F80E9A325C18D0100AB21C4 /* SingleCityView.swift */; };
		4F80E9AB25C18EFE00AB21C4 /* TempRow.swift in Sources */ = {isa = PBXBuildFile; fileRef = 4F80E9AA25C18EFE00AB21C4 /* TempRow.swift */; };
		4F80E9B325C18F0F00AB21C4 /* TempList.swift in Sources */ = {isa = PBXBuildFile; fileRef = 4F80E9B225C18F0F00AB21C4 /* TempList.swift */; };
		4F80E9CD25C1930200AB21C4 /* WeatherAPI.swift in Sources */ = {isa = PBXBuildFile; fileRef = 4F80E9CC25C1930200AB21C4 /* WeatherAPI.swift */; };
		4F82314B25BA713700EEBDF2 /* SplashScreen.swift in Sources */ = {isa = PBXBuildFile; fileRef = 4F82314A25BA713700EEBDF2 /* SplashScreen.swift */; };
		4F9A295A25BA4B19007BE19F /* WeatherAppByMarcusApp.swift in Sources */ = {isa = PBXBuildFile; fileRef = 4F9A295925BA4B19007BE19F /* WeatherAppByMarcusApp.swift */; };
		4F9A295C25BA4B19007BE19F /* ContentView.swift in Sources */ = {isa = PBXBuildFile; fileRef = 4F9A295B25BA4B19007BE19F /* ContentView.swift */; };
		4F9A295E25BA4B1C007BE19F /* Assets.xcassets in Resources */ = {isa = PBXBuildFile; fileRef = 4F9A295D25BA4B1C007BE19F /* Assets.xcassets */; };
		4F9A296125BA4B1C007BE19F /* Preview Assets.xcassets in Resources */ = {isa = PBXBuildFile; fileRef = 4F9A296025BA4B1C007BE19F /* Preview Assets.xcassets */; };
		4F9A296C25BA4B1D007BE19F /* WeatherAppByMarcusTests.swift in Sources */ = {isa = PBXBuildFile; fileRef = 4F9A296B25BA4B1D007BE19F /* WeatherAppByMarcusTests.swift */; };
		4F9A297725BA4B1D007BE19F /* WeatherAppByMarcusUITests.swift in Sources */ = {isa = PBXBuildFile; fileRef = 4F9A297625BA4B1D007BE19F /* WeatherAppByMarcusUITests.swift */; };
		4FF3CDCD25CB4AAE009A06EF /* Weather.swift in Sources */ = {isa = PBXBuildFile; fileRef = 4FF3CDCC25CB4AAE009A06EF /* Weather.swift */; };
		69F5E2AB505F16C0C1683D5F /* Pods_WeatherAppByMarcus.framework in Frameworks */ = {isa = PBXBuildFile; fileRef = E0F7990D0E29ECF306892F44 /* Pods_WeatherAppByMarcus.framework */; };
		BC9ABCD2CB751AA78219908C /* Pods_WeatherAppByMarcus_WeatherAppByMarcusUITests.framework in Frameworks */ = {isa = PBXBuildFile; fileRef = C75EEEFE45B7FC5B2E0CC13C /* Pods_WeatherAppByMarcus_WeatherAppByMarcusUITests.framework */; };
/* End PBXBuildFile section */

/* Begin PBXContainerItemProxy section */
		4F9A296825BA4B1D007BE19F /* PBXContainerItemProxy */ = {
			isa = PBXContainerItemProxy;
			containerPortal = 4F9A294E25BA4B19007BE19F /* Project object */;
			proxyType = 1;
			remoteGlobalIDString = 4F9A295525BA4B19007BE19F;
			remoteInfo = WeatherAppByMarcus;
		};
		4F9A297325BA4B1D007BE19F /* PBXContainerItemProxy */ = {
			isa = PBXContainerItemProxy;
			containerPortal = 4F9A294E25BA4B19007BE19F /* Project object */;
			proxyType = 1;
			remoteGlobalIDString = 4F9A295525BA4B19007BE19F;
			remoteInfo = WeatherAppByMarcus;
		};
/* End PBXContainerItemProxy section */

/* Begin PBXFileReference section */
		01408B091C4C93B6AB36DF1F /* Pods-WeatherAppByMarcus-WeatherAppByMarcusUITests.debug.xcconfig */ = {isa = PBXFileReference; includeInIndex = 1; lastKnownFileType = text.xcconfig; name = "Pods-WeatherAppByMarcus-WeatherAppByMarcusUITests.debug.xcconfig"; path = "Target Support Files/Pods-WeatherAppByMarcus-WeatherAppByMarcusUITests/Pods-WeatherAppByMarcus-WeatherAppByMarcusUITests.debug.xcconfig"; sourceTree = "<group>"; };
		338619952CC29E97CBD5C4E2 /* Pods_WeatherAppByMarcusTests.framework */ = {isa = PBXFileReference; explicitFileType = wrapper.framework; includeInIndex = 0; path = Pods_WeatherAppByMarcusTests.framework; sourceTree = BUILT_PRODUCTS_DIR; };
		4F5D6A6325BE035900398341 /* cities.json */ = {isa = PBXFileReference; lastKnownFileType = text.json; path = cities.json; sourceTree = "<group>"; };
		4F5D6A6825BE2A8700398341 /* City.swift */ = {isa = PBXFileReference; lastKnownFileType = sourcecode.swift; path = City.swift; sourceTree = "<group>"; };
		4F5D6A6D25BE2D2000398341 /* staticCityAPI.swift */ = {isa = PBXFileReference; lastKnownFileType = sourcecode.swift; path = staticCityAPI.swift; sourceTree = "<group>"; };
		4F5D6A7225BE348D00398341 /* CityRow.swift */ = {isa = PBXFileReference; lastKnownFileType = sourcecode.swift; path = CityRow.swift; sourceTree = "<group>"; };
		4F80E99E25C0AF2D00AB21C4 /* CityList.swift */ = {isa = PBXFileReference; lastKnownFileType = sourcecode.swift; path = CityList.swift; sourceTree = "<group>"; };
		4F80E9A325C18D0100AB21C4 /* SingleCityView.swift */ = {isa = PBXFileReference; lastKnownFileType = sourcecode.swift; path = SingleCityView.swift; sourceTree = "<group>"; };
		4F80E9AA25C18EFE00AB21C4 /* TempRow.swift */ = {isa = PBXFileReference; lastKnownFileType = sourcecode.swift; path = TempRow.swift; sourceTree = "<group>"; };
		4F80E9B225C18F0F00AB21C4 /* TempList.swift */ = {isa = PBXFileReference; lastKnownFileType = sourcecode.swift; path = TempList.swift; sourceTree = "<group>"; };
		4F80E9CC25C1930200AB21C4 /* WeatherAPI.swift */ = {isa = PBXFileReference; lastKnownFileType = sourcecode.swift; path = WeatherAPI.swift; sourceTree = "<group>"; };
		4F82314A25BA713700EEBDF2 /* SplashScreen.swift */ = {isa = PBXFileReference; lastKnownFileType = sourcecode.swift; path = SplashScreen.swift; sourceTree = "<group>"; };
		4F9A295625BA4B19007BE19F /* WeatherAppByMarcus.app */ = {isa = PBXFileReference; explicitFileType = wrapper.application; includeInIndex = 0; path = WeatherAppByMarcus.app; sourceTree = BUILT_PRODUCTS_DIR; };
		4F9A295925BA4B19007BE19F /* WeatherAppByMarcusApp.swift */ = {isa = PBXFileReference; lastKnownFileType = sourcecode.swift; path = WeatherAppByMarcusApp.swift; sourceTree = "<group>"; };
		4F9A295B25BA4B19007BE19F /* ContentView.swift */ = {isa = PBXFileReference; lastKnownFileType = sourcecode.swift; path = ContentView.swift; sourceTree = "<group>"; };
		4F9A295D25BA4B1C007BE19F /* Assets.xcassets */ = {isa = PBXFileReference; lastKnownFileType = folder.assetcatalog; path = Assets.xcassets; sourceTree = "<group>"; };
		4F9A296025BA4B1C007BE19F /* Preview Assets.xcassets */ = {isa = PBXFileReference; lastKnownFileType = folder.assetcatalog; path = "Preview Assets.xcassets"; sourceTree = "<group>"; };
		4F9A296225BA4B1C007BE19F /* Info.plist */ = {isa = PBXFileReference; lastKnownFileType = text.plist.xml; path = Info.plist; sourceTree = "<group>"; };
		4F9A296725BA4B1D007BE19F /* WeatherAppByMarcusTests.xctest */ = {isa = PBXFileReference; explicitFileType = wrapper.cfbundle; includeInIndex = 0; path = WeatherAppByMarcusTests.xctest; sourceTree = BUILT_PRODUCTS_DIR; };
		4F9A296B25BA4B1D007BE19F /* WeatherAppByMarcusTests.swift */ = {isa = PBXFileReference; lastKnownFileType = sourcecode.swift; path = WeatherAppByMarcusTests.swift; sourceTree = "<group>"; };
		4F9A296D25BA4B1D007BE19F /* Info.plist */ = {isa = PBXFileReference; lastKnownFileType = text.plist.xml; path = Info.plist; sourceTree = "<group>"; };
		4F9A297225BA4B1D007BE19F /* WeatherAppByMarcusUITests.xctest */ = {isa = PBXFileReference; explicitFileType = wrapper.cfbundle; includeInIndex = 0; path = WeatherAppByMarcusUITests.xctest; sourceTree = BUILT_PRODUCTS_DIR; };
		4F9A297625BA4B1D007BE19F /* WeatherAppByMarcusUITests.swift */ = {isa = PBXFileReference; lastKnownFileType = sourcecode.swift; path = WeatherAppByMarcusUITests.swift; sourceTree = "<group>"; };
		4F9A297825BA4B1D007BE19F /* Info.plist */ = {isa = PBXFileReference; lastKnownFileType = text.plist.xml; path = Info.plist; sourceTree = "<group>"; };
		4FF3CDCC25CB4AAE009A06EF /* Weather.swift */ = {isa = PBXFileReference; fileEncoding = 4; lastKnownFileType = sourcecode.swift; name = Weather.swift; path = ../../test2/weatherAppByMarcus/WeatherAppByMarcus/Weather.swift; sourceTree = "<group>"; };
		50DF112964C48DA45110910E /* Pods-WeatherAppByMarcusTests.release.xcconfig */ = {isa = PBXFileReference; includeInIndex = 1; lastKnownFileType = text.xcconfig; name = "Pods-WeatherAppByMarcusTests.release.xcconfig"; path = "Target Support Files/Pods-WeatherAppByMarcusTests/Pods-WeatherAppByMarcusTests.release.xcconfig"; sourceTree = "<group>"; };
		53605B7D41678513BE64C577 /* Pods-WeatherAppByMarcus.debug.xcconfig */ = {isa = PBXFileReference; includeInIndex = 1; lastKnownFileType = text.xcconfig; name = "Pods-WeatherAppByMarcus.debug.xcconfig"; path = "Target Support Files/Pods-WeatherAppByMarcus/Pods-WeatherAppByMarcus.debug.xcconfig"; sourceTree = "<group>"; };
		6E067EF09FA92E3993B8F973 /* Pods-WeatherAppByMarcus-WeatherAppByMarcusUITests.release.xcconfig */ = {isa = PBXFileReference; includeInIndex = 1; lastKnownFileType = text.xcconfig; name = "Pods-WeatherAppByMarcus-WeatherAppByMarcusUITests.release.xcconfig"; path = "Target Support Files/Pods-WeatherAppByMarcus-WeatherAppByMarcusUITests/Pods-WeatherAppByMarcus-WeatherAppByMarcusUITests.release.xcconfig"; sourceTree = "<group>"; };
		8788989B0619D4165171B7F6 /* Pods-WeatherAppByMarcus.release.xcconfig */ = {isa = PBXFileReference; includeInIndex = 1; lastKnownFileType = text.xcconfig; name = "Pods-WeatherAppByMarcus.release.xcconfig"; path = "Target Support Files/Pods-WeatherAppByMarcus/Pods-WeatherAppByMarcus.release.xcconfig"; sourceTree = "<group>"; };
		9BBC65546DDF88BD0DEB9D8F /* Pods-WeatherAppByMarcusTests.debug.xcconfig */ = {isa = PBXFileReference; includeInIndex = 1; lastKnownFileType = text.xcconfig; name = "Pods-WeatherAppByMarcusTests.debug.xcconfig"; path = "Target Support Files/Pods-WeatherAppByMarcusTests/Pods-WeatherAppByMarcusTests.debug.xcconfig"; sourceTree = "<group>"; };
		C75EEEFE45B7FC5B2E0CC13C /* Pods_WeatherAppByMarcus_WeatherAppByMarcusUITests.framework */ = {isa = PBXFileReference; explicitFileType = wrapper.framework; includeInIndex = 0; path = Pods_WeatherAppByMarcus_WeatherAppByMarcusUITests.framework; sourceTree = BUILT_PRODUCTS_DIR; };
		E0F7990D0E29ECF306892F44 /* Pods_WeatherAppByMarcus.framework */ = {isa = PBXFileReference; explicitFileType = wrapper.framework; includeInIndex = 0; path = Pods_WeatherAppByMarcus.framework; sourceTree = BUILT_PRODUCTS_DIR; };
/* End PBXFileReference section */

/* Begin PBXFrameworksBuildPhase section */
		4F9A295325BA4B19007BE19F /* Frameworks */ = {
			isa = PBXFrameworksBuildPhase;
			buildActionMask = 2147483647;
			files = (
				69F5E2AB505F16C0C1683D5F /* Pods_WeatherAppByMarcus.framework in Frameworks */,
			);
			runOnlyForDeploymentPostprocessing = 0;
		};
		4F9A296425BA4B1D007BE19F /* Frameworks */ = {
			isa = PBXFrameworksBuildPhase;
			buildActionMask = 2147483647;
			files = (
				1E8BE518CF2BF97007381B3A /* Pods_WeatherAppByMarcusTests.framework in Frameworks */,
			);
			runOnlyForDeploymentPostprocessing = 0;
		};
		4F9A296F25BA4B1D007BE19F /* Frameworks */ = {
			isa = PBXFrameworksBuildPhase;
			buildActionMask = 2147483647;
			files = (
				BC9ABCD2CB751AA78219908C /* Pods_WeatherAppByMarcus_WeatherAppByMarcusUITests.framework in Frameworks */,
			);
			runOnlyForDeploymentPostprocessing = 0;
		};
/* End PBXFrameworksBuildPhase section */

/* Begin PBXGroup section */
		4F80E9A825C18ECE00AB21C4 /* Daily */ = {
			isa = PBXGroup;
			children = (
				4F80E9A925C18EE700AB21C4 /* Temperature */,
				4F80E9CC25C1930200AB21C4 /* WeatherAPI.swift */,
			);
			path = Daily;
			sourceTree = "<group>";
		};
		4F80E9A925C18EE700AB21C4 /* Temperature */ = {
			isa = PBXGroup;
			children = (
				4F80E9AA25C18EFE00AB21C4 /* TempRow.swift */,
				4F80E9B225C18F0F00AB21C4 /* TempList.swift */,
			);
			path = Temperature;
			sourceTree = "<group>";
		};
		4F9A294D25BA4B19007BE19F = {
			isa = PBXGroup;
			children = (
				4F9A295825BA4B19007BE19F /* WeatherAppByMarcus */,
				4F9A296A25BA4B1D007BE19F /* WeatherAppByMarcusTests */,
				4F9A297525BA4B1D007BE19F /* WeatherAppByMarcusUITests */,
				4F9A295725BA4B19007BE19F /* Products */,
				710CC3DCAAB633E8AEBA37DA /* Pods */,
				53B95C9C18BE886188F18645 /* Frameworks */,
			);
			sourceTree = "<group>";
		};
		4F9A295725BA4B19007BE19F /* Products */ = {
			isa = PBXGroup;
			children = (
				4F9A295625BA4B19007BE19F /* WeatherAppByMarcus.app */,
				4F9A296725BA4B1D007BE19F /* WeatherAppByMarcusTests.xctest */,
				4F9A297225BA4B1D007BE19F /* WeatherAppByMarcusUITests.xctest */,
			);
			name = Products;
			sourceTree = "<group>";
		};
		4F9A295825BA4B19007BE19F /* WeatherAppByMarcus */ = {
			isa = PBXGroup;
			children = (
				4FF3CDCC25CB4AAE009A06EF /* Weather.swift */,
				4F80E9A825C18ECE00AB21C4 /* Daily */,
				4F9A295925BA4B19007BE19F /* WeatherAppByMarcusApp.swift */,
				4F9A295B25BA4B19007BE19F /* ContentView.swift */,
				4F9A295D25BA4B1C007BE19F /* Assets.xcassets */,
				4F9A296225BA4B1C007BE19F /* Info.plist */,
				4F9A295F25BA4B1C007BE19F /* Preview Content */,
				4F82314A25BA713700EEBDF2 /* SplashScreen.swift */,
				4F5D6A6325BE035900398341 /* cities.json */,
				4F5D6A6825BE2A8700398341 /* City.swift */,
				4F5D6A6D25BE2D2000398341 /* staticCityAPI.swift */,
				4F5D6A7225BE348D00398341 /* CityRow.swift */,
				4F80E99E25C0AF2D00AB21C4 /* CityList.swift */,
				4F80E9A325C18D0100AB21C4 /* SingleCityView.swift */,
			);
			path = WeatherAppByMarcus;
			sourceTree = "<group>";
		};
		4F9A295F25BA4B1C007BE19F /* Preview Content */ = {
			isa = PBXGroup;
			children = (
				4F9A296025BA4B1C007BE19F /* Preview Assets.xcassets */,
			);
			path = "Preview Content";
			sourceTree = "<group>";
		};
		4F9A296A25BA4B1D007BE19F /* WeatherAppByMarcusTests */ = {
			isa = PBXGroup;
			children = (
				4F9A296B25BA4B1D007BE19F /* WeatherAppByMarcusTests.swift */,
				4F9A296D25BA4B1D007BE19F /* Info.plist */,
			);
			path = WeatherAppByMarcusTests;
			sourceTree = "<group>";
		};
		4F9A297525BA4B1D007BE19F /* WeatherAppByMarcusUITests */ = {
			isa = PBXGroup;
			children = (
				4F9A297625BA4B1D007BE19F /* WeatherAppByMarcusUITests.swift */,
				4F9A297825BA4B1D007BE19F /* Info.plist */,
			);
			path = WeatherAppByMarcusUITests;
			sourceTree = "<group>";
		};
		53B95C9C18BE886188F18645 /* Frameworks */ = {
			isa = PBXGroup;
			children = (
				E0F7990D0E29ECF306892F44 /* Pods_WeatherAppByMarcus.framework */,
				C75EEEFE45B7FC5B2E0CC13C /* Pods_WeatherAppByMarcus_WeatherAppByMarcusUITests.framework */,
				338619952CC29E97CBD5C4E2 /* Pods_WeatherAppByMarcusTests.framework */,
			);
			name = Frameworks;
			sourceTree = "<group>";
		};
		710CC3DCAAB633E8AEBA37DA /* Pods */ = {
			isa = PBXGroup;
			children = (
				53605B7D41678513BE64C577 /* Pods-WeatherAppByMarcus.debug.xcconfig */,
				8788989B0619D4165171B7F6 /* Pods-WeatherAppByMarcus.release.xcconfig */,
				01408B091C4C93B6AB36DF1F /* Pods-WeatherAppByMarcus-WeatherAppByMarcusUITests.debug.xcconfig */,
				6E067EF09FA92E3993B8F973 /* Pods-WeatherAppByMarcus-WeatherAppByMarcusUITests.release.xcconfig */,
				9BBC65546DDF88BD0DEB9D8F /* Pods-WeatherAppByMarcusTests.debug.xcconfig */,
				50DF112964C48DA45110910E /* Pods-WeatherAppByMarcusTests.release.xcconfig */,
			);
			path = Pods;
			sourceTree = "<group>";
		};
/* End PBXGroup section */

/* Begin PBXNativeTarget section */
		4F9A295525BA4B19007BE19F /* WeatherAppByMarcus */ = {
			isa = PBXNativeTarget;
			buildConfigurationList = 4F9A297B25BA4B1D007BE19F /* Build configuration list for PBXNativeTarget "WeatherAppByMarcus" */;
			buildPhases = (
				0E55DF68E2C8B67CB3104C51 /* [CP] Check Pods Manifest.lock */,
				4F9A295225BA4B19007BE19F /* Sources */,
				4F9A295325BA4B19007BE19F /* Frameworks */,
				4F9A295425BA4B19007BE19F /* Resources */,
				5E9BB70712669C653B06BFA1 /* [CP] Embed Pods Frameworks */,
			);
			buildRules = (
			);
			dependencies = (
			);
			name = WeatherAppByMarcus;
			productName = WeatherAppByMarcus;
			productReference = 4F9A295625BA4B19007BE19F /* WeatherAppByMarcus.app */;
			productType = "com.apple.product-type.application";
		};
		4F9A296625BA4B1D007BE19F /* WeatherAppByMarcusTests */ = {
			isa = PBXNativeTarget;
			buildConfigurationList = 4F9A297E25BA4B1D007BE19F /* Build configuration list for PBXNativeTarget "WeatherAppByMarcusTests" */;
			buildPhases = (
				1B3BD526CFC80D0624EF3D8A /* [CP] Check Pods Manifest.lock */,
				4F9A296325BA4B1D007BE19F /* Sources */,
				4F9A296425BA4B1D007BE19F /* Frameworks */,
				4F9A296525BA4B1D007BE19F /* Resources */,
			);
			buildRules = (
			);
			dependencies = (
				4F9A296925BA4B1D007BE19F /* PBXTargetDependency */,
			);
			name = WeatherAppByMarcusTests;
			productName = WeatherAppByMarcusTests;
			productReference = 4F9A296725BA4B1D007BE19F /* WeatherAppByMarcusTests.xctest */;
			productType = "com.apple.product-type.bundle.unit-test";
		};
		4F9A297125BA4B1D007BE19F /* WeatherAppByMarcusUITests */ = {
			isa = PBXNativeTarget;
			buildConfigurationList = 4F9A298125BA4B1D007BE19F /* Build configuration list for PBXNativeTarget "WeatherAppByMarcusUITests" */;
			buildPhases = (
				D9AC2FE6D4351FB2C2B7187B /* [CP] Check Pods Manifest.lock */,
				4F9A296E25BA4B1D007BE19F /* Sources */,
				4F9A296F25BA4B1D007BE19F /* Frameworks */,
				4F9A297025BA4B1D007BE19F /* Resources */,
				72B53BC33ACD15DBBAADB3D3 /* [CP] Embed Pods Frameworks */,
			);
			buildRules = (
			);
			dependencies = (
				4F9A297425BA4B1D007BE19F /* PBXTargetDependency */,
			);
			name = WeatherAppByMarcusUITests;
			productName = WeatherAppByMarcusUITests;
			productReference = 4F9A297225BA4B1D007BE19F /* WeatherAppByMarcusUITests.xctest */;
			productType = "com.apple.product-type.bundle.ui-testing";
		};
/* End PBXNativeTarget section */

/* Begin PBXProject section */
		4F9A294E25BA4B19007BE19F /* Project object */ = {
			isa = PBXProject;
			attributes = {
				LastSwiftUpdateCheck = 1200;
				LastUpgradeCheck = 1200;
				TargetAttributes = {
					4F9A295525BA4B19007BE19F = {
						CreatedOnToolsVersion = 12.0.1;
					};
					4F9A296625BA4B1D007BE19F = {
						CreatedOnToolsVersion = 12.0.1;
						TestTargetID = 4F9A295525BA4B19007BE19F;
					};
					4F9A297125BA4B1D007BE19F = {
						CreatedOnToolsVersion = 12.0.1;
						TestTargetID = 4F9A295525BA4B19007BE19F;
					};
				};
			};
			buildConfigurationList = 4F9A295125BA4B19007BE19F /* Build configuration list for PBXProject "WeatherAppByMarcus" */;
			compatibilityVersion = "Xcode 9.3";
			developmentRegion = en;
			hasScannedForEncodings = 0;
			knownRegions = (
				en,
				Base,
			);
			mainGroup = 4F9A294D25BA4B19007BE19F;
			productRefGroup = 4F9A295725BA4B19007BE19F /* Products */;
			projectDirPath = "";
			projectRoot = "";
			targets = (
				4F9A295525BA4B19007BE19F /* WeatherAppByMarcus */,
				4F9A296625BA4B1D007BE19F /* WeatherAppByMarcusTests */,
				4F9A297125BA4B1D007BE19F /* WeatherAppByMarcusUITests */,
			);
		};
/* End PBXProject section */

/* Begin PBXResourcesBuildPhase section */
		4F9A295425BA4B19007BE19F /* Resources */ = {
			isa = PBXResourcesBuildPhase;
			buildActionMask = 2147483647;
			files = (
				4F5D6A6425BE035900398341 /* cities.json in Resources */,
				4F9A296125BA4B1C007BE19F /* Preview Assets.xcassets in Resources */,
				4F9A295E25BA4B1C007BE19F /* Assets.xcassets in Resources */,
			);
			runOnlyForDeploymentPostprocessing = 0;
		};
		4F9A296525BA4B1D007BE19F /* Resources */ = {
			isa = PBXResourcesBuildPhase;
			buildActionMask = 2147483647;
			files = (
			);
			runOnlyForDeploymentPostprocessing = 0;
		};
		4F9A297025BA4B1D007BE19F /* Resources */ = {
			isa = PBXResourcesBuildPhase;
			buildActionMask = 2147483647;
			files = (
			);
			runOnlyForDeploymentPostprocessing = 0;
		};
/* End PBXResourcesBuildPhase section */

/* Begin PBXShellScriptBuildPhase section */
		0E55DF68E2C8B67CB3104C51 /* [CP] Check Pods Manifest.lock */ = {
			isa = PBXShellScriptBuildPhase;
			buildActionMask = 2147483647;
			files = (
			);
			inputFileListPaths = (
			);
			inputPaths = (
				"${PODS_PODFILE_DIR_PATH}/Podfile.lock",
				"${PODS_ROOT}/Manifest.lock",
			);
			name = "[CP] Check Pods Manifest.lock";
			outputFileListPaths = (
			);
			outputPaths = (
				"$(DERIVED_FILE_DIR)/Pods-WeatherAppByMarcus-checkManifestLockResult.txt",
			);
			runOnlyForDeploymentPostprocessing = 0;
			shellPath = /bin/sh;
			shellScript = "diff \"${PODS_PODFILE_DIR_PATH}/Podfile.lock\" \"${PODS_ROOT}/Manifest.lock\" > /dev/null\nif [ $? != 0 ] ; then\n    # print error to STDERR\n    echo \"error: The sandbox is not in sync with the Podfile.lock. Run 'pod install' or update your CocoaPods installation.\" >&2\n    exit 1\nfi\n# This output is used by Xcode 'outputs' to avoid re-running this script phase.\necho \"SUCCESS\" > \"${SCRIPT_OUTPUT_FILE_0}\"\n";
			showEnvVarsInLog = 0;
		};
		1B3BD526CFC80D0624EF3D8A /* [CP] Check Pods Manifest.lock */ = {
			isa = PBXShellScriptBuildPhase;
			buildActionMask = 2147483647;
			files = (
			);
			inputFileListPaths = (
			);
			inputPaths = (
				"${PODS_PODFILE_DIR_PATH}/Podfile.lock",
				"${PODS_ROOT}/Manifest.lock",
			);
			name = "[CP] Check Pods Manifest.lock";
			outputFileListPaths = (
			);
			outputPaths = (
				"$(DERIVED_FILE_DIR)/Pods-WeatherAppByMarcusTests-checkManifestLockResult.txt",
			);
			runOnlyForDeploymentPostprocessing = 0;
			shellPath = /bin/sh;
			shellScript = "diff \"${PODS_PODFILE_DIR_PATH}/Podfile.lock\" \"${PODS_ROOT}/Manifest.lock\" > /dev/null\nif [ $? != 0 ] ; then\n    # print error to STDERR\n    echo \"error: The sandbox is not in sync with the Podfile.lock. Run 'pod install' or update your CocoaPods installation.\" >&2\n    exit 1\nfi\n# This output is used by Xcode 'outputs' to avoid re-running this script phase.\necho \"SUCCESS\" > \"${SCRIPT_OUTPUT_FILE_0}\"\n";
			showEnvVarsInLog = 0;
		};
		5E9BB70712669C653B06BFA1 /* [CP] Embed Pods Frameworks */ = {
			isa = PBXShellScriptBuildPhase;
			buildActionMask = 2147483647;
			files = (
			);
			inputFileListPaths = (
				"${PODS_ROOT}/Target Support Files/Pods-WeatherAppByMarcus/Pods-WeatherAppByMarcus-frameworks-${CONFIGURATION}-input-files.xcfilelist",
			);
			name = "[CP] Embed Pods Frameworks";
			outputFileListPaths = (
				"${PODS_ROOT}/Target Support Files/Pods-WeatherAppByMarcus/Pods-WeatherAppByMarcus-frameworks-${CONFIGURATION}-output-files.xcfilelist",
			);
			runOnlyForDeploymentPostprocessing = 0;
			shellPath = /bin/sh;
			shellScript = "\"${PODS_ROOT}/Target Support Files/Pods-WeatherAppByMarcus/Pods-WeatherAppByMarcus-frameworks.sh\"\n";
			showEnvVarsInLog = 0;
		};
		72B53BC33ACD15DBBAADB3D3 /* [CP] Embed Pods Frameworks */ = {
			isa = PBXShellScriptBuildPhase;
			buildActionMask = 2147483647;
			files = (
			);
			inputFileListPaths = (
				"${PODS_ROOT}/Target Support Files/Pods-WeatherAppByMarcus-WeatherAppByMarcusUITests/Pods-WeatherAppByMarcus-WeatherAppByMarcusUITests-frameworks-${CONFIGURATION}-input-files.xcfilelist",
			);
			name = "[CP] Embed Pods Frameworks";
			outputFileListPaths = (
				"${PODS_ROOT}/Target Support Files/Pods-WeatherAppByMarcus-WeatherAppByMarcusUITests/Pods-WeatherAppByMarcus-WeatherAppByMarcusUITests-frameworks-${CONFIGURATION}-output-files.xcfilelist",
			);
			runOnlyForDeploymentPostprocessing = 0;
			shellPath = /bin/sh;
			shellScript = "\"${PODS_ROOT}/Target Support Files/Pods-WeatherAppByMarcus-WeatherAppByMarcusUITests/Pods-WeatherAppByMarcus-WeatherAppByMarcusUITests-frameworks.sh\"\n";
			showEnvVarsInLog = 0;
		};
		D9AC2FE6D4351FB2C2B7187B /* [CP] Check Pods Manifest.lock */ = {
			isa = PBXShellScriptBuildPhase;
			buildActionMask = 2147483647;
			files = (
			);
			inputFileListPaths = (
			);
			inputPaths = (
				"${PODS_PODFILE_DIR_PATH}/Podfile.lock",
				"${PODS_ROOT}/Manifest.lock",
			);
			name = "[CP] Check Pods Manifest.lock";
			outputFileListPaths = (
			);
			outputPaths = (
				"$(DERIVED_FILE_DIR)/Pods-WeatherAppByMarcus-WeatherAppByMarcusUITests-checkManifestLockResult.txt",
			);
			runOnlyForDeploymentPostprocessing = 0;
			shellPath = /bin/sh;
			shellScript = "diff \"${PODS_PODFILE_DIR_PATH}/Podfile.lock\" \"${PODS_ROOT}/Manifest.lock\" > /dev/null\nif [ $? != 0 ] ; then\n    # print error to STDERR\n    echo \"error: The sandbox is not in sync with the Podfile.lock. Run 'pod install' or update your CocoaPods installation.\" >&2\n    exit 1\nfi\n# This output is used by Xcode 'outputs' to avoid re-running this script phase.\necho \"SUCCESS\" > \"${SCRIPT_OUTPUT_FILE_0}\"\n";
			showEnvVarsInLog = 0;
		};
/* End PBXShellScriptBuildPhase section */

/* Begin PBXSourcesBuildPhase section */
		4F9A295225BA4B19007BE19F /* Sources */ = {
			isa = PBXSourcesBuildPhase;
			buildActionMask = 2147483647;
			files = (
				4F82314B25BA713700EEBDF2 /* SplashScreen.swift in Sources */,
				4F5D6A6925BE2A8700398341 /* City.swift in Sources */,
				4F5D6A7325BE348D00398341 /* CityRow.swift in Sources */,
				4F9A295C25BA4B19007BE19F /* ContentView.swift in Sources */,
				4FF3CDCD25CB4AAE009A06EF /* Weather.swift in Sources */,
				4F80E99F25C0AF2D00AB21C4 /* CityList.swift in Sources */,
				4F80E9B325C18F0F00AB21C4 /* TempList.swift in Sources */,
				4F80E9A425C18D0100AB21C4 /* SingleCityView.swift in Sources */,
				4F80E9AB25C18EFE00AB21C4 /* TempRow.swift in Sources */,
				4F80E9CD25C1930200AB21C4 /* WeatherAPI.swift in Sources */,
				4F9A295A25BA4B19007BE19F /* WeatherAppByMarcusApp.swift in Sources */,
				4F5D6A6E25BE2D2000398341 /* staticCityAPI.swift in Sources */,
			);
			runOnlyForDeploymentPostprocessing = 0;
		};
		4F9A296325BA4B1D007BE19F /* Sources */ = {
			isa = PBXSourcesBuildPhase;
			buildActionMask = 2147483647;
			files = (
				4F9A296C25BA4B1D007BE19F /* WeatherAppByMarcusTests.swift in Sources */,
			);
			runOnlyForDeploymentPostprocessing = 0;
		};
		4F9A296E25BA4B1D007BE19F /* Sources */ = {
			isa = PBXSourcesBuildPhase;
			buildActionMask = 2147483647;
			files = (
				4F9A297725BA4B1D007BE19F /* WeatherAppByMarcusUITests.swift in Sources */,
			);
			runOnlyForDeploymentPostprocessing = 0;
		};
/* End PBXSourcesBuildPhase section */

/* Begin PBXTargetDependency section */
		4F9A296925BA4B1D007BE19F /* PBXTargetDependency */ = {
			isa = PBXTargetDependency;
			target = 4F9A295525BA4B19007BE19F /* WeatherAppByMarcus */;
			targetProxy = 4F9A296825BA4B1D007BE19F /* PBXContainerItemProxy */;
		};
		4F9A297425BA4B1D007BE19F /* PBXTargetDependency */ = {
			isa = PBXTargetDependency;
			target = 4F9A295525BA4B19007BE19F /* WeatherAppByMarcus */;
			targetProxy = 4F9A297325BA4B1D007BE19F /* PBXContainerItemProxy */;
		};
/* End PBXTargetDependency section */

/* Begin XCBuildConfiguration section */
		4F9A297925BA4B1D007BE19F /* Debug */ = {
			isa = XCBuildConfiguration;
			buildSettings = {
				ALWAYS_SEARCH_USER_PATHS = NO;
				CLANG_ANALYZER_NONNULL = YES;
				CLANG_ANALYZER_NUMBER_OBJECT_CONVERSION = YES_AGGRESSIVE;
				CLANG_CXX_LANGUAGE_STANDARD = "gnu++14";
				CLANG_CXX_LIBRARY = "libc++";
				CLANG_ENABLE_MODULES = YES;
				CLANG_ENABLE_OBJC_ARC = YES;
				CLANG_ENABLE_OBJC_WEAK = YES;
				CLANG_WARN_BLOCK_CAPTURE_AUTORELEASING = YES;
				CLANG_WARN_BOOL_CONVERSION = YES;
				CLANG_WARN_COMMA = YES;
				CLANG_WARN_CONSTANT_CONVERSION = YES;
				CLANG_WARN_DEPRECATED_OBJC_IMPLEMENTATIONS = YES;
				CLANG_WARN_DIRECT_OBJC_ISA_USAGE = YES_ERROR;
				CLANG_WARN_DOCUMENTATION_COMMENTS = YES;
				CLANG_WARN_EMPTY_BODY = YES;
				CLANG_WARN_ENUM_CONVERSION = YES;
				CLANG_WARN_INFINITE_RECURSION = YES;
				CLANG_WARN_INT_CONVERSION = YES;
				CLANG_WARN_NON_LITERAL_NULL_CONVERSION = YES;
				CLANG_WARN_OBJC_IMPLICIT_RETAIN_SELF = YES;
				CLANG_WARN_OBJC_LITERAL_CONVERSION = YES;
				CLANG_WARN_OBJC_ROOT_CLASS = YES_ERROR;
				CLANG_WARN_QUOTED_INCLUDE_IN_FRAMEWORK_HEADER = YES;
				CLANG_WARN_RANGE_LOOP_ANALYSIS = YES;
				CLANG_WARN_STRICT_PROTOTYPES = YES;
				CLANG_WARN_SUSPICIOUS_MOVE = YES;
				CLANG_WARN_UNGUARDED_AVAILABILITY = YES_AGGRESSIVE;
				CLANG_WARN_UNREACHABLE_CODE = YES;
				CLANG_WARN__DUPLICATE_METHOD_MATCH = YES;
				COPY_PHASE_STRIP = NO;
				DEBUG_INFORMATION_FORMAT = dwarf;
				ENABLE_STRICT_OBJC_MSGSEND = YES;
				ENABLE_TESTABILITY = YES;
				GCC_C_LANGUAGE_STANDARD = gnu11;
				GCC_DYNAMIC_NO_PIC = NO;
				GCC_NO_COMMON_BLOCKS = YES;
				GCC_OPTIMIZATION_LEVEL = 0;
				GCC_PREPROCESSOR_DEFINITIONS = (
					"DEBUG=1",
					"$(inherited)",
				);
				GCC_WARN_64_TO_32_BIT_CONVERSION = YES;
				GCC_WARN_ABOUT_RETURN_TYPE = YES_ERROR;
				GCC_WARN_UNDECLARED_SELECTOR = YES;
				GCC_WARN_UNINITIALIZED_AUTOS = YES_AGGRESSIVE;
				GCC_WARN_UNUSED_FUNCTION = YES;
				GCC_WARN_UNUSED_VARIABLE = YES;
				IPHONEOS_DEPLOYMENT_TARGET = 14.0;
				MTL_ENABLE_DEBUG_INFO = INCLUDE_SOURCE;
				MTL_FAST_MATH = YES;
				ONLY_ACTIVE_ARCH = YES;
				SDKROOT = iphoneos;
				SWIFT_ACTIVE_COMPILATION_CONDITIONS = DEBUG;
				SWIFT_OPTIMIZATION_LEVEL = "-Onone";
			};
			name = Debug;
		};
		4F9A297A25BA4B1D007BE19F /* Release */ = {
			isa = XCBuildConfiguration;
			buildSettings = {
				ALWAYS_SEARCH_USER_PATHS = NO;
				CLANG_ANALYZER_NONNULL = YES;
				CLANG_ANALYZER_NUMBER_OBJECT_CONVERSION = YES_AGGRESSIVE;
				CLANG_CXX_LANGUAGE_STANDARD = "gnu++14";
				CLANG_CXX_LIBRARY = "libc++";
				CLANG_ENABLE_MODULES = YES;
				CLANG_ENABLE_OBJC_ARC = YES;
				CLANG_ENABLE_OBJC_WEAK = YES;
				CLANG_WARN_BLOCK_CAPTURE_AUTORELEASING = YES;
				CLANG_WARN_BOOL_CONVERSION = YES;
				CLANG_WARN_COMMA = YES;
				CLANG_WARN_CONSTANT_CONVERSION = YES;
				CLANG_WARN_DEPRECATED_OBJC_IMPLEMENTATIONS = YES;
				CLANG_WARN_DIRECT_OBJC_ISA_USAGE = YES_ERROR;
				CLANG_WARN_DOCUMENTATION_COMMENTS = YES;
				CLANG_WARN_EMPTY_BODY = YES;
				CLANG_WARN_ENUM_CONVERSION = YES;
				CLANG_WARN_INFINITE_RECURSION = YES;
				CLANG_WARN_INT_CONVERSION = YES;
				CLANG_WARN_NON_LITERAL_NULL_CONVERSION = YES;
				CLANG_WARN_OBJC_IMPLICIT_RETAIN_SELF = YES;
				CLANG_WARN_OBJC_LITERAL_CONVERSION = YES;
				CLANG_WARN_OBJC_ROOT_CLASS = YES_ERROR;
				CLANG_WARN_QUOTED_INCLUDE_IN_FRAMEWORK_HEADER = YES;
				CLANG_WARN_RANGE_LOOP_ANALYSIS = YES;
				CLANG_WARN_STRICT_PROTOTYPES = YES;
				CLANG_WARN_SUSPICIOUS_MOVE = YES;
				CLANG_WARN_UNGUARDED_AVAILABILITY = YES_AGGRESSIVE;
				CLANG_WARN_UNREACHABLE_CODE = YES;
				CLANG_WARN__DUPLICATE_METHOD_MATCH = YES;
				COPY_PHASE_STRIP = NO;
				DEBUG_INFORMATION_FORMAT = "dwarf-with-dsym";
				ENABLE_NS_ASSERTIONS = NO;
				ENABLE_STRICT_OBJC_MSGSEND = YES;
				GCC_C_LANGUAGE_STANDARD = gnu11;
				GCC_NO_COMMON_BLOCKS = YES;
				GCC_WARN_64_TO_32_BIT_CONVERSION = YES;
				GCC_WARN_ABOUT_RETURN_TYPE = YES_ERROR;
				GCC_WARN_UNDECLARED_SELECTOR = YES;
				GCC_WARN_UNINITIALIZED_AUTOS = YES_AGGRESSIVE;
				GCC_WARN_UNUSED_FUNCTION = YES;
				GCC_WARN_UNUSED_VARIABLE = YES;
				IPHONEOS_DEPLOYMENT_TARGET = 14.0;
				MTL_ENABLE_DEBUG_INFO = NO;
				MTL_FAST_MATH = YES;
				SDKROOT = iphoneos;
				SWIFT_COMPILATION_MODE = wholemodule;
				SWIFT_OPTIMIZATION_LEVEL = "-O";
				VALIDATE_PRODUCT = YES;
			};
			name = Release;
		};
		4F9A297C25BA4B1D007BE19F /* Debug */ = {
			isa = XCBuildConfiguration;
			baseConfigurationReference = 53605B7D41678513BE64C577 /* Pods-WeatherAppByMarcus.debug.xcconfig */;
			buildSettings = {
				ASSETCATALOG_COMPILER_APPICON_NAME = AppIcon;
				ASSETCATALOG_COMPILER_GLOBAL_ACCENT_COLOR_NAME = AccentColor;
				CODE_SIGN_STYLE = Automatic;
				DEVELOPMENT_ASSET_PATHS = "\"WeatherAppByMarcus/Preview Content\"";
				ENABLE_PREVIEWS = YES;
				INFOPLIST_FILE = WeatherAppByMarcus/Info.plist;
				IPHONEOS_DEPLOYMENT_TARGET = 14.0;
				LD_RUNPATH_SEARCH_PATHS = (
					"$(inherited)",
					"@executable_path/Frameworks",
				);
				PRODUCT_BUNDLE_IDENTIFIER = com.marcus.WeatherAppByMarcus;
				PRODUCT_NAME = "$(TARGET_NAME)";
				SWIFT_VERSION = 5.0;
				TARGETED_DEVICE_FAMILY = "1,2";
			};
			name = Debug;
		};
		4F9A297D25BA4B1D007BE19F /* Release */ = {
			isa = XCBuildConfiguration;
			baseConfigurationReference = 8788989B0619D4165171B7F6 /* Pods-WeatherAppByMarcus.release.xcconfig */;
			buildSettings = {
				ASSETCATALOG_COMPILER_APPICON_NAME = AppIcon;
				ASSETCATALOG_COMPILER_GLOBAL_ACCENT_COLOR_NAME = AccentColor;
				CODE_SIGN_STYLE = Automatic;
				DEVELOPMENT_ASSET_PATHS = "\"WeatherAppByMarcus/Preview Content\"";
				ENABLE_PREVIEWS = YES;
				INFOPLIST_FILE = WeatherAppByMarcus/Info.plist;
				IPHONEOS_DEPLOYMENT_TARGET = 14.0;
				LD_RUNPATH_SEARCH_PATHS = (
					"$(inherited)",
					"@executable_path/Frameworks",
				);
				PRODUCT_BUNDLE_IDENTIFIER = com.marcus.WeatherAppByMarcus;
				PRODUCT_NAME = "$(TARGET_NAME)";
				SWIFT_VERSION = 5.0;
				TARGETED_DEVICE_FAMILY = "1,2";
			};
			name = Release;
		};
		4F9A297F25BA4B1D007BE19F /* Debug */ = {
			isa = XCBuildConfiguration;
			baseConfigurationReference = 9BBC65546DDF88BD0DEB9D8F /* Pods-WeatherAppByMarcusTests.debug.xcconfig */;
			buildSettings = {
				ALWAYS_EMBED_SWIFT_STANDARD_LIBRARIES = YES;
				BUNDLE_LOADER = "$(TEST_HOST)";
				CODE_SIGN_STYLE = Automatic;
				INFOPLIST_FILE = WeatherAppByMarcusTests/Info.plist;
				IPHONEOS_DEPLOYMENT_TARGET = 14.0;
				LD_RUNPATH_SEARCH_PATHS = (
					"$(inherited)",
					"@executable_path/Frameworks",
					"@loader_path/Frameworks",
				);
				PRODUCT_BUNDLE_IDENTIFIER = com.marcus.WeatherAppByMarcusTests;
				PRODUCT_NAME = "$(TARGET_NAME)";
				SWIFT_VERSION = 5.0;
				TARGETED_DEVICE_FAMILY = "1,2";
				TEST_HOST = "$(BUILT_PRODUCTS_DIR)/WeatherAppByMarcus.app/WeatherAppByMarcus";
			};
			name = Debug;
		};
		4F9A298025BA4B1D007BE19F /* Release */ = {
			isa = XCBuildConfiguration;
			baseConfigurationReference = 50DF112964C48DA45110910E /* Pods-WeatherAppByMarcusTests.release.xcconfig */;
			buildSettings = {
				ALWAYS_EMBED_SWIFT_STANDARD_LIBRARIES = YES;
				BUNDLE_LOADER = "$(TEST_HOST)";
				CODE_SIGN_STYLE = Automatic;
				INFOPLIST_FILE = WeatherAppByMarcusTests/Info.plist;
				IPHONEOS_DEPLOYMENT_TARGET = 14.0;
				LD_RUNPATH_SEARCH_PATHS = (
					"$(inherited)",
					"@executable_path/Frameworks",
					"@loader_path/Frameworks",
				);
				PRODUCT_BUNDLE_IDENTIFIER = com.marcus.WeatherAppByMarcusTests;
				PRODUCT_NAME = "$(TARGET_NAME)";
				SWIFT_VERSION = 5.0;
				TARGETED_DEVICE_FAMILY = "1,2";
				TEST_HOST = "$(BUILT_PRODUCTS_DIR)/WeatherAppByMarcus.app/WeatherAppByMarcus";
			};
			name = Release;
		};
		4F9A298225BA4B1D007BE19F /* Debug */ = {
			isa = XCBuildConfiguration;
			baseConfigurationReference = 01408B091C4C93B6AB36DF1F /* Pods-WeatherAppByMarcus-WeatherAppByMarcusUITests.debug.xcconfig */;
			buildSettings = {
				ALWAYS_EMBED_SWIFT_STANDARD_LIBRARIES = YES;
				CODE_SIGN_STYLE = Automatic;
				INFOPLIST_FILE = WeatherAppByMarcusUITests/Info.plist;
				LD_RUNPATH_SEARCH_PATHS = (
					"$(inherited)",
					"@executable_path/Frameworks",
					"@loader_path/Frameworks",
				);
				PRODUCT_BUNDLE_IDENTIFIER = com.marcus.WeatherAppByMarcusUITests;
				PRODUCT_NAME = "$(TARGET_NAME)";
				SWIFT_VERSION = 5.0;
				TARGETED_DEVICE_FAMILY = "1,2";
				TEST_TARGET_NAME = WeatherAppByMarcus;
			};
			name = Debug;
		};
		4F9A298325BA4B1D007BE19F /* Release */ = {
			isa = XCBuildConfiguration;
			baseConfigurationReference = 6E067EF09FA92E3993B8F973 /* Pods-WeatherAppByMarcus-WeatherAppByMarcusUITests.release.xcconfig */;
			buildSettings = {
				ALWAYS_EMBED_SWIFT_STANDARD_LIBRARIES = YES;
				CODE_SIGN_STYLE = Automatic;
				INFOPLIST_FILE = WeatherAppByMarcusUITests/Info.plist;
				LD_RUNPATH_SEARCH_PATHS = (
					"$(inherited)",
					"@executable_path/Frameworks",
					"@loader_path/Frameworks",
				);
				PRODUCT_BUNDLE_IDENTIFIER = com.marcus.WeatherAppByMarcusUITests;
				PRODUCT_NAME = "$(TARGET_NAME)";
				SWIFT_VERSION = 5.0;
				TARGETED_DEVICE_FAMILY = "1,2";
				TEST_TARGET_NAME = WeatherAppByMarcus;
			};
			name = Release;
		};
/* End XCBuildConfiguration section */

/* Begin XCConfigurationList section */
		4F9A295125BA4B19007BE19F /* Build configuration list for PBXProject "WeatherAppByMarcus" */ = {
			isa = XCConfigurationList;
			buildConfigurations = (
				4F9A297925BA4B1D007BE19F /* Debug */,
				4F9A297A25BA4B1D007BE19F /* Release */,
			);
			defaultConfigurationIsVisible = 0;
			defaultConfigurationName = Release;
		};
		4F9A297B25BA4B1D007BE19F /* Build configuration list for PBXNativeTarget "WeatherAppByMarcus" */ = {
			isa = XCConfigurationList;
			buildConfigurations = (
				4F9A297C25BA4B1D007BE19F /* Debug */,
				4F9A297D25BA4B1D007BE19F /* Release */,
			);
			defaultConfigurationIsVisible = 0;
			defaultConfigurationName = Release;
		};
		4F9A297E25BA4B1D007BE19F /* Build configuration list for PBXNativeTarget "WeatherAppByMarcusTests" */ = {
			isa = XCConfigurationList;
			buildConfigurations = (
				4F9A297F25BA4B1D007BE19F /* Debug */,
				4F9A298025BA4B1D007BE19F /* Release */,
			);
			defaultConfigurationIsVisible = 0;
			defaultConfigurationName = Release;
		};
		4F9A298125BA4B1D007BE19F /* Build configuration list for PBXNativeTarget "WeatherAppByMarcusUITests" */ = {
			isa = XCConfigurationList;
			buildConfigurations = (
				4F9A298225BA4B1D007BE19F /* Debug */,
				4F9A298325BA4B1D007BE19F /* Release */,
			);
			defaultConfigurationIsVisible = 0;
			defaultConfigurationName = Release;
		};
/* End XCConfigurationList section */
	};
	rootObject = 4F9A294E25BA4B19007BE19F /* Project object */;
}
